
Microsoft Visual Studio Solution File, Format Version 12.00
# Visual Studio Version 16
VisualStudioVersion = 16.0.28803.352
MinimumVisualStudioVersion = 10.0.40219.1
Project("{FAE04EC0-301F-11D3-BF4B-00C04F79EFBC}") = "sortServer", "sortServer\sortServer.csproj", "{4AF2B577-4872-4AF9-82E8-03A943A8A71A}"
EndProject
Global
	GlobalSection(SolutionConfigurationPlatforms) = preSolution
		Debug|Any CPU = Debug|Any CPU
		Release|Any CPU = Release|Any CPU
	EndGlobalSection
	GlobalSection(ProjectConfigurationPlatforms) = postSolution
		{4AF2B577-4872-4AF9-82E8-03A943A8A71A}.Debug|Any CPU.ActiveCfg = Debug|Any CPU
		{4AF2B577-4872-4AF9-82E8-03A943A8A71A}.Debug|Any CPU.Build.0 = Debug|Any CPU
		{4AF2B577-4872-4AF9-82E8-03A943A8A71A}.Release|Any CPU.ActiveCfg = Release|Any CPU
		{4AF2B577-4872-4AF9-82E8-03A943A8A71A}.Release|Any CPU.Build.0 = Release|Any CPU
	EndGlobalSection
	GlobalSection(SolutionProperties) = preSolution
		HideSolutionNode = FALSE
	EndGlobalSection
	GlobalSection(ExtensibilityGlobals) = postSolution
		SolutionGuid = {5F4DD1D6-DCD4-473C-B7F4-A39131758F51}
	EndGlobalSection
EndGlobal
